
Microsoft Visual Studio Solution File, Format Version 12.00
# Visual Studio 15
VisualStudioVersion = 15.0.27703.2026
MinimumVisualStudioVersion = 10.0.40219.1
Project("{9A19103F-16F7-4668-BE54-9A1E7A4F7556}") = "Nancy.Scaffolding", "Nancy.Scaffolding\Nancy.Scaffolding.csproj", "{4B0B727F-2711-4549-9E8A-52B45C596EE7}"
EndProject
Project("{9A19103F-16F7-4668-BE54-9A1E7A4F7556}") = "Nancy.Scaffolding.ApiDemo", "Nancy.Scaffolding.ApiDemo\Nancy.Scaffolding.ApiDemo.csproj", "{C28FA813-8D94-4263-B904-7EF0B736FF89}"
EndProject
Project("{2150E333-8FDC-42A3-9474-1A3956D46DE8}") = "Solution Items", "Solution Items", "{37D157E0-82D0-43F3-AD25-053E952633A4}"
	ProjectSection(SolutionItems) = preProject
		.gitattributes = .gitattributes
		.gitignore = .gitignore
		appveyor.yml = appveyor.yml
		.github\CONTRIBUTING.md = .github\CONTRIBUTING.md
		.github\ISSUE_TEMPLATE.md = .github\ISSUE_TEMPLATE.md
		LICENSE = LICENSE
		.github\PULL_REQUEST_TEMPLATE.md = .github\PULL_REQUEST_TEMPLATE.md
		README.md = README.md
	EndProjectSection
EndProject
Project("{9A19103F-16F7-4668-BE54-9A1E7A4F7556}") = "Nancy.Scaffolding.Tests", "Nancy.Scaffolding.Tests\Nancy.Scaffolding.Tests.csproj", "{D432E89C-0F01-43DF-90CC-78E270DF5C14}"
EndProject
Global
	GlobalSection(SolutionConfigurationPlatforms) = preSolution
		Debug|Any CPU = Debug|Any CPU
		Release|Any CPU = Release|Any CPU
	EndGlobalSection
	GlobalSection(ProjectConfigurationPlatforms) = postSolution
		{4B0B727F-2711-4549-9E8A-52B45C596EE7}.Debug|Any CPU.ActiveCfg = Debug|Any CPU
		{4B0B727F-2711-4549-9E8A-52B45C596EE7}.Debug|Any CPU.Build.0 = Debug|Any CPU
		{4B0B727F-2711-4549-9E8A-52B45C596EE7}.Release|Any CPU.ActiveCfg = Release|Any CPU
		{4B0B727F-2711-4549-9E8A-52B45C596EE7}.Release|Any CPU.Build.0 = Release|Any CPU
		{C28FA813-8D94-4263-B904-7EF0B736FF89}.Debug|Any CPU.ActiveCfg = Debug|Any CPU
		{C28FA813-8D94-4263-B904-7EF0B736FF89}.Debug|Any CPU.Build.0 = Debug|Any CPU
		{C28FA813-8D94-4263-B904-7EF0B736FF89}.Release|Any CPU.ActiveCfg = Release|Any CPU
		{C28FA813-8D94-4263-B904-7EF0B736FF89}.Release|Any CPU.Build.0 = Release|Any CPU
		{D432E89C-0F01-43DF-90CC-78E270DF5C14}.Debug|Any CPU.ActiveCfg = Debug|Any CPU
		{D432E89C-0F01-43DF-90CC-78E270DF5C14}.Debug|Any CPU.Build.0 = Debug|Any CPU
		{D432E89C-0F01-43DF-90CC-78E270DF5C14}.Release|Any CPU.ActiveCfg = Release|Any CPU
		{D432E89C-0F01-43DF-90CC-78E270DF5C14}.Release|Any CPU.Build.0 = Release|Any CPU
	EndGlobalSection
	GlobalSection(SolutionProperties) = preSolution
		HideSolutionNode = FALSE
	EndGlobalSection
	GlobalSection(ExtensibilityGlobals) = postSolution
		SolutionGuid = {53851BA2-83E2-42DB-9114-B054727825E6}
	EndGlobalSection
EndGlobal
